// !$*UTF8*$!
{
	archiveVersion = 1;
	classes = {
	};
	objectVersion = 46;
	objects = {

/* Begin PBXBuildFile section */
		63DDE03F1AE3235C00123620 /* main.m in Sources */ = {isa = PBXBuildFile; fileRef = 63DDE03E1AE3235C00123620 /* main.m */; };
		63DDE0421AE3235C00123620 /* AppDelegate.m in Sources */ = {isa = PBXBuildFile; fileRef = 63DDE0411AE3235C00123620 /* AppDelegate.m */; };
		63DDE0451AE3235C00123620 /* ViewController.m in Sources */ = {isa = PBXBuildFile; fileRef = 63DDE0441AE3235C00123620 /* ViewController.m */; };
		63DDE04A1AE3235C00123620 /* Images.xcassets in Resources */ = {isa = PBXBuildFile; fileRef = 63DDE0491AE3235C00123620 /* Images.xcassets */; };
		63DDE04D1AE3235C00123620 /* LaunchScreen.xib in Resources */ = {isa = PBXBuildFile; fileRef = 63DDE04B1AE3235C00123620 /* LaunchScreen.xib */; };
		63DDE0591AE3235C00123620 /* BlocBrowserTests.m in Sources */ = {isa = PBXBuildFile; fileRef = 63DDE0581AE3235C00123620 /* BlocBrowserTests.m */; };
		63DDE0631AE3291F00123620 /* WebKit.framework in Frameworks */ = {isa = PBXBuildFile; fileRef = 63DDE0621AE3291F00123620 /* WebKit.framework */; };
/* End PBXBuildFile section */

/* Begin PBXContainerItemProxy section */
		63DDE0531AE3235C00123620 /* PBXContainerItemProxy */ = {
			isa = PBXContainerItemProxy;
			containerPortal = 63DDE0311AE3235C00123620 /* Project object */;
			proxyType = 1;
			remoteGlobalIDString = 63DDE0381AE3235C00123620;
			remoteInfo = BlocBrowser;
		};
/* End PBXContainerItemProxy section */

/* Begin PBXFileReference section */
		63DDE0391AE3235C00123620 /* BlocBrowser.app */ = {isa = PBXFileReference; explicitFileType = wrapper.application; includeInIndex = 0; path = BlocBrowser.app; sourceTree = BUILT_PRODUCTS_DIR; };
		63DDE03D1AE3235C00123620 /* Info.plist */ = {isa = PBXFileReference; lastKnownFileType = text.plist.xml; path = Info.plist; sourceTree = "<group>"; };
		63DDE03E1AE3235C00123620 /* main.m */ = {isa = PBXFileReference; lastKnownFileType = sourcecode.c.objc; path = main.m; sourceTree = "<group>"; };
		63DDE0401AE3235C00123620 /* AppDelegate.h */ = {isa = PBXFileReference; lastKnownFileType = sourcecode.c.h; path = AppDelegate.h; sourceTree = "<group>"; };
		63DDE0411AE3235C00123620 /* AppDelegate.m */ = {isa = PBXFileReference; lastKnownFileType = sourcecode.c.objc; path = AppDelegate.m; sourceTree = "<group>"; };
		63DDE0431AE3235C00123620 /* ViewController.h */ = {isa = PBXFileReference; lastKnownFileType = sourcecode.c.h; path = ViewController.h; sourceTree = "<group>"; };
		63DDE0441AE3235C00123620 /* ViewController.m */ = {isa = PBXFileReference; lastKnownFileType = sourcecode.c.objc; path = ViewController.m; sourceTree = "<group>"; };
		63DDE0491AE3235C00123620 /* Images.xcassets */ = {isa = PBXFileReference; lastKnownFileType = folder.assetcatalog; path = Images.xcassets; sourceTree = "<group>"; };
		63DDE04C1AE3235C00123620 /* Base */ = {isa = PBXFileReference; lastKnownFileType = file.xib; name = Base; path = Base.lproj/LaunchScreen.xib; sourceTree = "<group>"; };
		63DDE0521AE3235C00123620 /* BlocBrowserTests.xctest */ = {isa = PBXFileReference; explicitFileType = wrapper.cfbundle; includeInIndex = 0; path = BlocBrowserTests.xctest; sourceTree = BUILT_PRODUCTS_DIR; };
		63DDE0571AE3235C00123620 /* Info.plist */ = {isa = PBXFileReference; lastKnownFileType = text.plist.xml; path = Info.plist; sourceTree = "<group>"; };
		63DDE0581AE3235C00123620 /* BlocBrowserTests.m */ = {isa = PBXFileReference; lastKnownFileType = sourcecode.c.objc; path = BlocBrowserTests.m; sourceTree = "<group>"; };
		63DDE0621AE3291F00123620 /* WebKit.framework */ = {isa = PBXFileReference; lastKnownFileType = wrapper.framework; name = WebKit.framework; path = System/Library/Frameworks/WebKit.framework; sourceTree = SDKROOT; };
/* End PBXFileReference section */

/* Begin PBXFrameworksBuildPhase section */
		63DDE0361AE3235C00123620 /* Frameworks */ = {
			isa = PBXFrameworksBuildPhase;
			buildActionMask = 2147483647;
			files = (
				63DDE0631AE3291F00123620 /* WebKit.framework in Frameworks */,
			);
			runOnlyForDeploymentPostprocessing = 0;
		};
		63DDE04F1AE3235C00123620 /* Frameworks */ = {
			isa = PBXFrameworksBuildPhase;
			buildActionMask = 2147483647;
			files = (
			);
			runOnlyForDeploymentPostprocessing = 0;
		};
/* End PBXFrameworksBuildPhase section */

/* Begin PBXGroup section */
		63DDE0301AE3235C00123620 = {
			isa = PBXGroup;
			children = (
				63DDE0621AE3291F00123620 /* WebKit.framework */,
				63DDE03B1AE3235C00123620 /* BlocBrowser */,
				63DDE0551AE3235C00123620 /* BlocBrowserTests */,
				63DDE03A1AE3235C00123620 /* Products */,
			);
			sourceTree = "<group>";
		};
		63DDE03A1AE3235C00123620 /* Products */ = {
			isa = PBXGroup;
			children = (
				63DDE0391AE3235C00123620 /* BlocBrowser.app */,
				63DDE0521AE3235C00123620 /* BlocBrowserTests.xctest */,
			);
			name = Products;
			sourceTree = "<group>";
		};
		63DDE03B1AE3235C00123620 /* BlocBrowser */ = {
			isa = PBXGroup;
			children = (
				63DDE0401AE3235C00123620 /* AppDelegate.h */,
				63DDE0411AE3235C00123620 /* AppDelegate.m */,
				63DDE0431AE3235C00123620 /* ViewController.h */,
				63DDE0441AE3235C00123620 /* ViewController.m */,
				63DDE0491AE3235C00123620 /* Images.xcassets */,
				63DDE04B1AE3235C00123620 /* LaunchScreen.xib */,
				63DDE03C1AE3235C00123620 /* Supporting Files */,
			);
			path = BlocBrowser;
			sourceTree = "<group>";
		};
		63DDE03C1AE3235C00123620 /* Supporting Files */ = {
			isa = PBXGroup;
			children = (
				63DDE03D1AE3235C00123620 /* Info.plist */,
				63DDE03E1AE3235C00123620 /* main.m */,
			);
			name = "Supporting Files";
			sourceTree = "<group>";
		};
		63DDE0551AE3235C00123620 /* BlocBrowserTests */ = {
			isa = PBXGroup;
			children = (
				63DDE0581AE3235C00123620 /* BlocBrowserTests.m */,
				63DDE0561AE3235C00123620 /* Supporting Files */,
			);
			path = BlocBrowserTests;
			sourceTree = "<group>";
		};
		63DDE0561AE3235C00123620 /* Supporting Files */ = {
			isa = PBXGroup;
			children = (
				63DDE0571AE3235C00123620 /* Info.plist */,
			);
			name = "Supporting Files";
			sourceTree = "<group>";
		};
/* End PBXGroup section */

/* Begin PBXNativeTarget section */
		63DDE0381AE3235C00123620 /* BlocBrowser */ = {
			isa = PBXNativeTarget;
			buildConfigurationList = 63DDE05C1AE3235C00123620 /* Build configuration list for PBXNativeTarget "BlocBrowser" */;
			buildPhases = (
				63DDE0351AE3235C00123620 /* Sources */,
				63DDE0361AE3235C00123620 /* Frameworks */,
				63DDE0371AE3235C00123620 /* Resources */,
			);
			buildRules = (
			);
			dependencies = (
			);
			name = BlocBrowser;
			productName = BlocBrowser;
			productReference = 63DDE0391AE3235C00123620 /* BlocBrowser.app */;
			productType = "com.apple.product-type.application";
		};
		63DDE0511AE3235C00123620 /* BlocBrowserTests */ = {
			isa = PBXNativeTarget;
			buildConfigurationList = 63DDE05F1AE3235C00123620 /* Build configuration list for PBXNativeTarget "BlocBrowserTests" */;
			buildPhases = (
				63DDE04E1AE3235C00123620 /* Sources */,
				63DDE04F1AE3235C00123620 /* Frameworks */,
				63DDE0501AE3235C00123620 /* Resources */,
			);
			buildRules = (
			);
			dependencies = (
				63DDE0541AE3235C00123620 /* PBXTargetDependency */,
			);
			name = BlocBrowserTests;
			productName = BlocBrowserTests;
			productReference = 63DDE0521AE3235C00123620 /* BlocBrowserTests.xctest */;
			productType = "com.apple.product-type.bundle.unit-test";
		};
/* End PBXNativeTarget section */

/* Begin PBXProject section */
		63DDE0311AE3235C00123620 /* Project object */ = {
			isa = PBXProject;
			attributes = {
				LastUpgradeCheck = 0630;
				ORGANIZATIONNAME = Bloc;
				TargetAttributes = {
					63DDE0381AE3235C00123620 = {
						CreatedOnToolsVersion = 6.3;
					};
					63DDE0511AE3235C00123620 = {
						CreatedOnToolsVersion = 6.3;
						TestTargetID = 63DDE0381AE3235C00123620;
					};
				};
			};
			buildConfigurationList = 63DDE0341AE3235C00123620 /* Build configuration list for PBXProject "BlocBrowser" */;
			compatibilityVersion = "Xcode 3.2";
			developmentRegion = English;
			hasScannedForEncodings = 0;
			knownRegions = (
				en,
				Base,
			);
			mainGroup = 63DDE0301AE3235C00123620;
			productRefGroup = 63DDE03A1AE3235C00123620 /* Products */;
			projectDirPath = "";
			projectRoot = "";
			targets = (
				63DDE0381AE3235C00123620 /* BlocBrowser */,
				63DDE0511AE3235C00123620 /* BlocBrowserTests */,
			);
		};
/* End PBXProject section */

/* Begin PBXResourcesBuildPhase section */
		63DDE0371AE3235C00123620 /* Resources */ = {
			isa = PBXResourcesBuildPhase;
			buildActionMask = 2147483647;
			files = (
				63DDE04D1AE3235C00123620 /* LaunchScreen.xib in Resources */,
				63DDE04A1AE3235C00123620 /* Images.xcassets in Resources */,
			);
			runOnlyForDeploymentPostprocessing = 0;
		};
		63DDE0501AE3235C00123620 /* Resources */ = {
			isa = PBXResourcesBuildPhase;
			buildActionMask = 2147483647;
			files = (
			);
			runOnlyForDeploymentPostprocessing = 0;
		};
/* End PBXResourcesBuildPhase section */

/* Begin PBXSourcesBuildPhase section */
		63DDE0351AE3235C00123620 /* Sources */ = {
			isa = PBXSourcesBuildPhase;
			buildActionMask = 2147483647;
			files = (
				63DDE0451AE3235C00123620 /* ViewController.m in Sources */,
				63DDE0421AE3235C00123620 /* AppDelegate.m in Sources */,
				63DDE03F1AE3235C00123620 /* main.m in Sources */,
			);
			runOnlyForDeploymentPostprocessing = 0;
		};
		63DDE04E1AE3235C00123620 /* Sources */ = {
			isa = PBXSourcesBuildPhase;
			buildActionMask = 2147483647;
			files = (
				63DDE0591AE3235C00123620 /* BlocBrowserTests.m in Sources */,
			);
			runOnlyForDeploymentPostprocessing = 0;
		};
/* End PBXSourcesBuildPhase section */

/* Begin PBXTargetDependency section */
		63DDE0541AE3235C00123620 /* PBXTargetDependency */ = {
			isa = PBXTargetDependency;
			target = 63DDE0381AE3235C00123620 /* BlocBrowser */;
			targetProxy = 63DDE0531AE3235C00123620 /* PBXContainerItemProxy */;
		};
/* End PBXTargetDependency section */

/* Begin PBXVariantGroup section */
		63DDE04B1AE3235C00123620 /* LaunchScreen.xib */ = {
			isa = PBXVariantGroup;
			children = (
				63DDE04C1AE3235C00123620 /* Base */,
			);
			name = LaunchScreen.xib;
			sourceTree = "<group>";
		};
/* End PBXVariantGroup section */

/* Begin XCBuildConfiguration section */
		63DDE05A1AE3235C00123620 /* Debug */ = {
			isa = XCBuildConfiguration;
			buildSettings = {
				ALWAYS_SEARCH_USER_PATHS = NO;
				CLANG_CXX_LANGUAGE_STANDARD = "gnu++0x";
				CLANG_CXX_LIBRARY = "libc++";
				CLANG_ENABLE_MODULES = YES;
				CLANG_ENABLE_OBJC_ARC = YES;
				CLANG_WARN_BOOL_CONVERSION = YES;
				CLANG_WARN_CONSTANT_CONVERSION = YES;
				CLANG_WARN_DIRECT_OBJC_ISA_USAGE = YES_ERROR;
				CLANG_WARN_EMPTY_BODY = YES;
				CLANG_WARN_ENUM_CONVERSION = YES;
				CLANG_WARN_INT_CONVERSION = YES;
				CLANG_WARN_OBJC_ROOT_CLASS = YES_ERROR;
				CLANG_WARN_UNREACHABLE_CODE = YES;
				CLANG_WARN__DUPLICATE_METHOD_MATCH = YES;
				"CODE_SIGN_IDENTITY[sdk=iphoneos*]" = "iPhone Developer";
				COPY_PHASE_STRIP = NO;
				DEBUG_INFORMATION_FORMAT = "dwarf-with-dsym";
				ENABLE_STRICT_OBJC_MSGSEND = YES;
				GCC_C_LANGUAGE_STANDARD = gnu99;
				GCC_DYNAMIC_NO_PIC = NO;
				GCC_NO_COMMON_BLOCKS = YES;
				GCC_OPTIMIZATION_LEVEL = 0;
				GCC_PREPROCESSOR_DEFINITIONS = (
					"DEBUG=1",
					"$(inherited)",
				);
				GCC_SYMBOLS_PRIVATE_EXTERN = NO;
				GCC_WARN_64_TO_32_BIT_CONVERSION = YES;
				GCC_WARN_ABOUT_RETURN_TYPE = YES_ERROR;
				GCC_WARN_UNDECLARED_SELECTOR = YES;
				GCC_WARN_UNINITIALIZED_AUTOS = YES_AGGRESSIVE;
				GCC_WARN_UNUSED_FUNCTION = YES;
				GCC_WARN_UNUSED_VARIABLE = YES;
				IPHONEOS_DEPLOYMENT_TARGET = 8.3;
				MTL_ENABLE_DEBUG_INFO = YES;
				ONLY_ACTIVE_ARCH = YES;
				SDKROOT = iphoneos;
				TARGETED_DEVICE_FAMILY = "1,2";
			};
			name = Debug;
		};
		63DDE05B1AE3235C00123620 /* Release */ = {
			isa = XCBuildConfiguration;
			buildSettings = {
				ALWAYS_SEARCH_USER_PATHS = NO;
				CLANG_CXX_LANGUAGE_STANDARD = "gnu++0x";
				CLANG_CXX_LIBRARY = "libc++";
				CLANG_ENABLE_MODULES = YES;
				CLANG_ENABLE_OBJC_ARC = YES;
				CLANG_WARN_BOOL_CONVERSION = YES;
				CLANG_WARN_CONSTANT_CONVERSION = YES;
				CLANG_WARN_DIRECT_OBJC_ISA_USAGE = YES_ERROR;
				CLANG_WARN_EMPTY_BODY = YES;
				CLANG_WARN_ENUM_CONVERSION = YES;
				CLANG_WARN_INT_CONVERSION = YES;
				CLANG_WARN_OBJC_ROOT_CLASS = YES_ERROR;
				CLANG_WARN_UNREACHABLE_CODE = YES;
				CLANG_WARN__DUPLICATE_METHOD_MATCH = YES;
				"CODE_SIGN_IDENTITY[sdk=iphoneos*]" = "iPhone Developer";
				COPY_PHASE_STRIP = NO;
				DEBUG_INFORMATION_FORMAT = "dwarf-with-dsym";
				ENABLE_NS_ASSERTIONS = NO;
				ENABLE_STRICT_OBJC_MSGSEND = YES;
				GCC_C_LANGUAGE_STANDARD = gnu99;
				GCC_NO_COMMON_BLOCKS = YES;
				GCC_WARN_64_TO_32_BIT_CONVERSION = YES;
				GCC_WARN_ABOUT_RETURN_TYPE = YES_ERROR;
				GCC_WARN_UNDECLARED_SELECTOR = YES;
				GCC_WARN_UNINITIALIZED_AUTOS = YES_AGGRESSIVE;
				GCC_WARN_UNUSED_FUNCTION = YES;
				GCC_WARN_UNUSED_VARIABLE = YES;
				IPHONEOS_DEPLOYMENT_TARGET = 8.3;
				MTL_ENABLE_DEBUG_INFO = NO;
				SDKROOT = iphoneos;
				TARGETED_DEVICE_FAMILY = "1,2";
				VALIDATE_PRODUCT = YES;
			};
			name = Release;
		};
		63DDE05D1AE3235C00123620 /* Debug */ = {
			isa = XCBuildConfiguration;
			buildSettings = {
				ASSETCATALOG_COMPILER_APPICON_NAME = AppIcon;
				INFOPLIST_FILE = BlocBrowser/Info.plist;
				LD_RUNPATH_SEARCH_PATHS = "$(inherited) @executable_path/Frameworks";
				PRODUCT_NAME = "$(TARGET_NAME)";
			};
			name = Debug;
		};
		63DDE05E1AE3235C00123620 /* Release */ = {
			isa = XCBuildConfiguration;
			buildSettings = {
				ASSETCATALOG_COMPILER_APPICON_NAME = AppIcon;
				INFOPLIST_FILE = BlocBrowser/Info.plist;
				LD_RUNPATH_SEARCH_PATHS = "$(inherited) @executable_path/Frameworks";
				PRODUCT_NAME = "$(TARGET_NAME)";
			};
			name = Release;
		};
		63DDE0601AE3235C00123620 /* Debug */ = {
			isa = XCBuildConfiguration;
			buildSettings = {
				BUNDLE_LOADER = "$(TEST_HOST)";
				FRAMEWORK_SEARCH_PATHS = (
					"$(SDKROOT)/Developer/Library/Frameworks",
					"$(inherited)",
				);
				GCC_PREPROCESSOR_DEFINITIONS = (
					"DEBUG=1",
					"$(inherited)",
				);
				INFOPLIST_FILE = BlocBrowserTests/Info.plist;
				LD_RUNPATH_SEARCH_PATHS = "$(inherited) @executable_path/Frameworks @loader_path/Frameworks";
				PRODUCT_NAME = "$(TARGET_NAME)";
				TEST_HOST = "$(BUILT_PRODUCTS_DIR)/BlocBrowser.app/BlocBrowser";
			};
			name = Debug;
		};
		63DDE0611AE3235C00123620 /* Release */ = {
			isa = XCBuildConfiguration;
			buildSettings = {
				BUNDLE_LOADER = "$(TEST_HOST)";
				FRAMEWORK_SEARCH_PATHS = (
					"$(SDKROOT)/Developer/Library/Frameworks",
					"$(inherited)",
				);
				INFOPLIST_FILE = BlocBrowserTests/Info.plist;
				LD_RUNPATH_SEARCH_PATHS = "$(inherited) @executable_path/Frameworks @loader_path/Frameworks";
				PRODUCT_NAME = "$(TARGET_NAME)";
				TEST_HOST = "$(BUILT_PRODUCTS_DIR)/BlocBrowser.app/BlocBrowser";
			};
			name = Release;
		};
/* End XCBuildConfiguration section */

/* Begin XCConfigurationList section */
		63DDE0341AE3235C00123620 /* Build configuration list for PBXProject "BlocBrowser" */ = {
			isa = XCConfigurationList;
			buildConfigurations = (
				63DDE05A1AE3235C00123620 /* Debug */,
				63DDE05B1AE3235C00123620 /* Release */,
			);
			defaultConfigurationIsVisible = 0;
			defaultConfigurationName = Release;
		};
		63DDE05C1AE3235C00123620 /* Build configuration list for PBXNativeTarget "BlocBrowser" */ = {
			isa = XCConfigurationList;
			buildConfigurations = (
				63DDE05D1AE3235C00123620 /* Debug */,
				63DDE05E1AE3235C00123620 /* Release */,
			);
			defaultConfigurationIsVisible = 0;
		};
		63DDE05F1AE3235C00123620 /* Build configuration list for PBXNativeTarget "BlocBrowserTests" */ = {
			isa = XCConfigurationList;
			buildConfigurations = (
				63DDE0601AE3235C00123620 /* Debug */,
				63DDE0611AE3235C00123620 /* Release */,
			);
			defaultConfigurationIsVisible = 0;
		};
/* End XCConfigurationList section */
	};
	rootObject = 63DDE0311AE3235C00123620 /* Project object */;
}
